
Microsoft Visual Studio Solution File, Format Version 12.00
# Visual Studio Version 17
VisualStudioVersion = 17.11.35312.102
MinimumVisualStudioVersion = 10.0.40219.1
Project("{9A19103F-16F7-4668-BE54-9A1E7A4F7556}") = "NeutronSandbox", "NeutronSandbox\NeutronSandbox.csproj", "{0000BB64-69CB-42C9-AEF0-EAB8D25E945D}"
EndProject
Global
	GlobalSection(SolutionConfigurationPlatforms) = preSolution
		Debug|Any CPU = Debug|Any CPU
		Release|Any CPU = Release|Any CPU
	EndGlobalSection
	GlobalSection(ProjectConfigurationPlatforms) = postSolution
		{0000BB64-69CB-42C9-AEF0-EAB8D25E945D}.Debug|Any CPU.ActiveCfg = Debug|Any CPU
		{0000BB64-69CB-42C9-AEF0-EAB8D25E945D}.Debug|Any CPU.Build.0 = Debug|Any CPU
		{0000BB64-69CB-42C9-AEF0-EAB8D25E945D}.Release|Any CPU.ActiveCfg = Release|Any CPU
		{0000BB64-69CB-42C9-AEF0-EAB8D25E945D}.Release|Any CPU.Build.0 = Release|Any CPU
	EndGlobalSection
	GlobalSection(SolutionProperties) = preSolution
		HideSolutionNode = FALSE
	EndGlobalSection
	GlobalSection(ExtensibilityGlobals) = postSolution
		SolutionGuid = {1A8ED711-2974-4BB1-891E-C25849AB088F}
	EndGlobalSection
EndGlobal
